{
  "name": "hcw-hono",
  "version": "1.0.0",
  "lockfileVersion": 2,
  "requires": true,
  "packages": {
    "": {
      "name": "hcw-hono",
      "version": "1.0.0",
      "license": "MIT",
      "dependencies": {
        "hono": "^1.4.1"
      }
    },
    "node_modules/hono": {
      "version": "1.4.1",
      "resolved": "https://registry.npmjs.org/hono/-/hono-1.4.1.tgz",
      "integrity": "sha512-ZIqGAVONcHDIo3MTBU7DXAHZCYP27iqKEG0xeKzkGjk8rNfAM03xWBEPSxKfGGfy/Cw6ylMPDnCvPdGMN5TpDQ==",
      "engines": {
        "node": ">=11.0.0"
      }
    }
  },
  "dependencies": {
    "hono": {
      "version": "1.4.1",
      "resolved": "https://registry.npmjs.org/hono/-/hono-1.4.1.tgz",
      "integrity": "sha512-ZIqGAVONcHDIo3MTBU7DXAHZCYP27iqKEG0xeKzkGjk8rNfAM03xWBEPSxKfGGfy/Cw6ylMPDnCvPdGMN5TpDQ=="
    }
  }
}
