# THIS IS AN AUTOGENERATED FILE. DO NOT EDIT THIS FILE DIRECTLY.
# yarn lockfile v1


hono@^1.4.1:
  version "1.4.1"
  resolved "https://registry.yarnpkg.com/hono/-/hono-1.4.1.tgz#a748c180777b4432c92e5988131644b1bc5572a8"
  integrity sha512-ZIqGAVONcHDIo3MTBU7DXAHZCYP27iqKEG0xeKzkGjk8rNfAM03xWBEPSxKfGGfy/Cw6ylMPDnCvPdGMN5TpDQ==
